
Microsoft Visual Studio Solution File, Format Version 12.00
# Visual Studio Version 17
VisualStudioVersion = 17.2.32630.192
MinimumVisualStudioVersion = 10.0.40219.1
Project("{FAE04EC0-301F-11D3-BF4B-00C04F79EFBC}") = "NFTMetaData", "NFTMetaData\NFTMetaData.csproj", "{CBC2634E-323C-4B52-B482-56D63A96E377}"
EndProject
Global
	GlobalSection(SolutionConfigurationPlatforms) = preSolution
		Debug|Any CPU = Debug|Any CPU
		Release|Any CPU = Release|Any CPU
	EndGlobalSection
	GlobalSection(ProjectConfigurationPlatforms) = postSolution
		{CBC2634E-323C-4B52-B482-56D63A96E377}.Debug|Any CPU.ActiveCfg = Debug|Any CPU
		{CBC2634E-323C-4B52-B482-56D63A96E377}.Debug|Any CPU.Build.0 = Debug|Any CPU
		{CBC2634E-323C-4B52-B482-56D63A96E377}.Release|Any CPU.ActiveCfg = Release|Any CPU
		{CBC2634E-323C-4B52-B482-56D63A96E377}.Release|Any CPU.Build.0 = Release|Any CPU
	EndGlobalSection
	GlobalSection(SolutionProperties) = preSolution
		HideSolutionNode = FALSE
	EndGlobalSection
	GlobalSection(ExtensibilityGlobals) = postSolution
		SolutionGuid = {AC87F944-772B-47DB-838E-44D4BBA470AC}
	EndGlobalSection
EndGlobal
